
Microsoft Visual Studio Solution File, Format Version 10.00
# Visual Studio 2008
Project("{FAE04EC0-301F-11D3-BF4B-00C04F79EFBC}") = "ApplicationControllerExample", "ApplicationControllerExample\ApplicationControllerExample.csproj", "{FCFE3078-5BBF-4069-B555-34660783B448}"
EndProject
Global
	GlobalSection(SolutionConfigurationPlatforms) = preSolution
		Debug|Any CPU = Debug|Any CPU
		Release|Any CPU = Release|Any CPU
	EndGlobalSection
	GlobalSection(ProjectConfigurationPlatforms) = postSolution
		{FCFE3078-5BBF-4069-B555-34660783B448}.Debug|Any CPU.ActiveCfg = Debug|Any CPU
		{FCFE3078-5BBF-4069-B555-34660783B448}.Debug|Any CPU.Build.0 = Debug|Any CPU
		{FCFE3078-5BBF-4069-B555-34660783B448}.Release|Any CPU.ActiveCfg = Release|Any CPU
		{FCFE3078-5BBF-4069-B555-34660783B448}.Release|Any CPU.Build.0 = Release|Any CPU
	EndGlobalSection
	GlobalSection(SolutionProperties) = preSolution
		HideSolutionNode = FALSE
	EndGlobalSection
EndGlobal
